
Microsoft Visual Studio Solution File, Format Version 12.00
# Visual Studio Version 16
VisualStudioVersion = 16.0.30907.101
MinimumVisualStudioVersion = 10.0.40219.1
Project("{9A19103F-16F7-4668-BE54-9A1E7A4F7556}") = "Hit", "src\Hit\Hit.csproj", "{C9DDB64C-D2B0-4211-AEF4-E38B476DF427}"
EndProject
Project("{9A19103F-16F7-4668-BE54-9A1E7A4F7556}") = "HitUnitTests", "src\HitUnitTests\HitUnitTests.csproj", "{2277C0E4-4BC7-4468-A6B2-EE4814656BAA}"
EndProject
Project("{9A19103F-16F7-4668-BE54-9A1E7A4F7556}") = "Items.Domain", "sample_system_src\Items.Domain\Items.Domain.csproj", "{8E5B82C4-F667-4091-9775-1A250B0F0823}"
EndProject
Project("{2150E333-8FDC-42A3-9474-1A3956D46DE8}") = "SampleSystem", "SampleSystem", "{884D3A3B-B5BA-41FF-A58E-64E055545377}"
EndProject
Project("{9A19103F-16F7-4668-BE54-9A1E7A4F7556}") = "Items.Specification", "sample_system_src\Items.Specification\Items.Specification.csproj", "{A192518C-277B-4684-B91D-0D5263B868C3}"
EndProject
Project("{9A19103F-16F7-4668-BE54-9A1E7A4F7556}") = "Items.Infrastructure.Repository.InMemory", "sample_system_src\Items.Infrastructure.Repository.InMemory\Items.Infrastructure.Repository.InMemory.csproj", "{FC7F0E6F-37AF-4690-BA01-118A201E3678}"
EndProject
Project("{9A19103F-16F7-4668-BE54-9A1E7A4F7556}") = "Items.Application", "sample_system_src\Items.Application\Items.Application.csproj", "{3DB4B7EE-0529-4EF2-9354-D969E50C286C}"
EndProject
Project("{9A19103F-16F7-4668-BE54-9A1E7A4F7556}") = "Items.Infrastructure.Repository.Rest", "sample_system_src\Items.Infrastructure.Repository.Rest\Items.Infrastructure.Repository.Rest.csproj", "{16EE5565-562B-4BE7-AA55-0ED206B299C2}"
EndProject
Project("{2150E333-8FDC-42A3-9474-1A3956D46DE8}") = "HitIntegrationTests", "HitIntegrationTests", "{0C677B15-B38D-42FA-9648-5818E49BDD8E}"
EndProject
Project("{9A19103F-16F7-4668-BE54-9A1E7A4F7556}") = "Items.HitIntegrationTests", "sample_system_src\Items.HitIntegrationTests\Items.HitIntegrationTests.csproj", "{8152E79A-E390-48F0-A539-B215F89AFE07}"
EndProject
Project("{9A19103F-16F7-4668-BE54-9A1E7A4F7556}") = "Items.AutomaticHitIntegrationTests", "sample_system_src\Items.AutomaticHitIntegrationTests\Items.AutomaticHitIntegrationTests.csproj", "{37264311-A015-4C45-B564-B0F5C5269881}"
EndProject
Project("{2150E333-8FDC-42A3-9474-1A3956D46DE8}") = "Testing", "Testing", "{271AFA08-AF10-4C89-9E00-857172C49DA8}"
EndProject
Project("{2150E333-8FDC-42A3-9474-1A3956D46DE8}") = "Lab", "Lab", "{6F9B9ADE-0896-4371-9EBE-71E6544A3503}"
EndProject
Project("{9A19103F-16F7-4668-BE54-9A1E7A4F7556}") = "CodeGenTest", "CodeGenTest\CodeGenTest.csproj", "{129D4348-3B41-4620-83CF-888F0B035F86}"
EndProject
Project("{FAE04EC0-301F-11D3-BF4B-00C04F79EFBC}") = "GenUnitTest", "GenUnitTest\GenUnitTest.csproj", "{035F5B9B-96D0-477C-BD26-9ADBD9C85260}"
EndProject
Global
	GlobalSection(SolutionConfigurationPlatforms) = preSolution
		Debug|Any CPU = Debug|Any CPU
		Release|Any CPU = Release|Any CPU
	EndGlobalSection
	GlobalSection(ProjectConfigurationPlatforms) = postSolution
		{C9DDB64C-D2B0-4211-AEF4-E38B476DF427}.Debug|Any CPU.ActiveCfg = Debug|Any CPU
		{C9DDB64C-D2B0-4211-AEF4-E38B476DF427}.Debug|Any CPU.Build.0 = Debug|Any CPU
		{C9DDB64C-D2B0-4211-AEF4-E38B476DF427}.Release|Any CPU.ActiveCfg = Release|Any CPU
		{C9DDB64C-D2B0-4211-AEF4-E38B476DF427}.Release|Any CPU.Build.0 = Release|Any CPU
		{2277C0E4-4BC7-4468-A6B2-EE4814656BAA}.Debug|Any CPU.ActiveCfg = Debug|Any CPU
		{2277C0E4-4BC7-4468-A6B2-EE4814656BAA}.Debug|Any CPU.Build.0 = Debug|Any CPU
		{2277C0E4-4BC7-4468-A6B2-EE4814656BAA}.Release|Any CPU.ActiveCfg = Release|Any CPU
		{2277C0E4-4BC7-4468-A6B2-EE4814656BAA}.Release|Any CPU.Build.0 = Release|Any CPU
		{8E5B82C4-F667-4091-9775-1A250B0F0823}.Debug|Any CPU.ActiveCfg = Debug|Any CPU
		{8E5B82C4-F667-4091-9775-1A250B0F0823}.Debug|Any CPU.Build.0 = Debug|Any CPU
		{8E5B82C4-F667-4091-9775-1A250B0F0823}.Release|Any CPU.ActiveCfg = Release|Any CPU
		{8E5B82C4-F667-4091-9775-1A250B0F0823}.Release|Any CPU.Build.0 = Release|Any CPU
		{A192518C-277B-4684-B91D-0D5263B868C3}.Debug|Any CPU.ActiveCfg = Debug|Any CPU
		{A192518C-277B-4684-B91D-0D5263B868C3}.Debug|Any CPU.Build.0 = Debug|Any CPU
		{A192518C-277B-4684-B91D-0D5263B868C3}.Release|Any CPU.ActiveCfg = Release|Any CPU
		{A192518C-277B-4684-B91D-0D5263B868C3}.Release|Any CPU.Build.0 = Release|Any CPU
		{FC7F0E6F-37AF-4690-BA01-118A201E3678}.Debug|Any CPU.ActiveCfg = Debug|Any CPU
		{FC7F0E6F-37AF-4690-BA01-118A201E3678}.Debug|Any CPU.Build.0 = Debug|Any CPU
		{FC7F0E6F-37AF-4690-BA01-118A201E3678}.Release|Any CPU.ActiveCfg = Release|Any CPU
		{FC7F0E6F-37AF-4690-BA01-118A201E3678}.Release|Any CPU.Build.0 = Release|Any CPU
		{3DB4B7EE-0529-4EF2-9354-D969E50C286C}.Debug|Any CPU.ActiveCfg = Debug|Any CPU
		{3DB4B7EE-0529-4EF2-9354-D969E50C286C}.Debug|Any CPU.Build.0 = Debug|Any CPU
		{3DB4B7EE-0529-4EF2-9354-D969E50C286C}.Release|Any CPU.ActiveCfg = Release|Any CPU
		{3DB4B7EE-0529-4EF2-9354-D969E50C286C}.Release|Any CPU.Build.0 = Release|Any CPU
		{16EE5565-562B-4BE7-AA55-0ED206B299C2}.Debug|Any CPU.ActiveCfg = Debug|Any CPU
		{16EE5565-562B-4BE7-AA55-0ED206B299C2}.Debug|Any CPU.Build.0 = Debug|Any CPU
		{16EE5565-562B-4BE7-AA55-0ED206B299C2}.Release|Any CPU.ActiveCfg = Release|Any CPU
		{16EE5565-562B-4BE7-AA55-0ED206B299C2}.Release|Any CPU.Build.0 = Release|Any CPU
		{8152E79A-E390-48F0-A539-B215F89AFE07}.Debug|Any CPU.ActiveCfg = Debug|Any CPU
		{8152E79A-E390-48F0-A539-B215F89AFE07}.Debug|Any CPU.Build.0 = Debug|Any CPU
		{8152E79A-E390-48F0-A539-B215F89AFE07}.Release|Any CPU.ActiveCfg = Release|Any CPU
		{8152E79A-E390-48F0-A539-B215F89AFE07}.Release|Any CPU.Build.0 = Release|Any CPU
		{37264311-A015-4C45-B564-B0F5C5269881}.Debug|Any CPU.ActiveCfg = Debug|Any CPU
		{37264311-A015-4C45-B564-B0F5C5269881}.Debug|Any CPU.Build.0 = Debug|Any CPU
		{37264311-A015-4C45-B564-B0F5C5269881}.Release|Any CPU.ActiveCfg = Release|Any CPU
		{37264311-A015-4C45-B564-B0F5C5269881}.Release|Any CPU.Build.0 = Release|Any CPU
		{129D4348-3B41-4620-83CF-888F0B035F86}.Debug|Any CPU.ActiveCfg = Debug|Any CPU
		{129D4348-3B41-4620-83CF-888F0B035F86}.Debug|Any CPU.Build.0 = Debug|Any CPU
		{129D4348-3B41-4620-83CF-888F0B035F86}.Release|Any CPU.ActiveCfg = Release|Any CPU
		{129D4348-3B41-4620-83CF-888F0B035F86}.Release|Any CPU.Build.0 = Release|Any CPU
		{035F5B9B-96D0-477C-BD26-9ADBD9C85260}.Debug|Any CPU.ActiveCfg = Debug|Any CPU
		{035F5B9B-96D0-477C-BD26-9ADBD9C85260}.Debug|Any CPU.Build.0 = Debug|Any CPU
		{035F5B9B-96D0-477C-BD26-9ADBD9C85260}.Release|Any CPU.ActiveCfg = Release|Any CPU
		{035F5B9B-96D0-477C-BD26-9ADBD9C85260}.Release|Any CPU.Build.0 = Release|Any CPU
	EndGlobalSection
	GlobalSection(SolutionProperties) = preSolution
		HideSolutionNode = FALSE
	EndGlobalSection
	GlobalSection(NestedProjects) = preSolution
		{2277C0E4-4BC7-4468-A6B2-EE4814656BAA} = {271AFA08-AF10-4C89-9E00-857172C49DA8}
		{8E5B82C4-F667-4091-9775-1A250B0F0823} = {884D3A3B-B5BA-41FF-A58E-64E055545377}
		{884D3A3B-B5BA-41FF-A58E-64E055545377} = {271AFA08-AF10-4C89-9E00-857172C49DA8}
		{A192518C-277B-4684-B91D-0D5263B868C3} = {884D3A3B-B5BA-41FF-A58E-64E055545377}
		{FC7F0E6F-37AF-4690-BA01-118A201E3678} = {884D3A3B-B5BA-41FF-A58E-64E055545377}
		{3DB4B7EE-0529-4EF2-9354-D969E50C286C} = {884D3A3B-B5BA-41FF-A58E-64E055545377}
		{16EE5565-562B-4BE7-AA55-0ED206B299C2} = {884D3A3B-B5BA-41FF-A58E-64E055545377}
		{0C677B15-B38D-42FA-9648-5818E49BDD8E} = {884D3A3B-B5BA-41FF-A58E-64E055545377}
		{8152E79A-E390-48F0-A539-B215F89AFE07} = {0C677B15-B38D-42FA-9648-5818E49BDD8E}
		{37264311-A015-4C45-B564-B0F5C5269881} = {0C677B15-B38D-42FA-9648-5818E49BDD8E}
		{129D4348-3B41-4620-83CF-888F0B035F86} = {6F9B9ADE-0896-4371-9EBE-71E6544A3503}
		{035F5B9B-96D0-477C-BD26-9ADBD9C85260} = {6F9B9ADE-0896-4371-9EBE-71E6544A3503}
	EndGlobalSection
	GlobalSection(ExtensibilityGlobals) = postSolution
		SolutionGuid = {5428C317-DF43-4608-9A26-09A059B3902B}
	EndGlobalSection
EndGlobal
